<Solution>
  <Project Path="EzyImageViewer.CodecProtocol/EzyImageViewer.CodecProtocol.csproj" />
  <Project Path="EzyImageViewer.CodecHost/EzyImageViewer.CodecHost.csproj" />
  <Project Path="EzyImageViewer.App/EzyImageViewer.App.csproj" />
  <Project Path="EzyImageViewer.Capture/EzyImageViewer.Capture.csproj" />
  <Project Path="EzyImageViewer.Core/EzyImageViewer.Core.csproj" />
  <Project Path="EzyImageViewer.Imaging/EzyImageViewer.Imaging.csproj" />
  <Project Path="EzyImageViewer.Infrastructure/EzyImageViewer.Infrastructure.csproj" />
  <Project Path="EzyImageViewer.Rendering/EzyImageViewer.Rendering.csproj" />
  <Project Path="EzyImageViewer.Tests/EzyImageViewer.Tests.csproj" />
</Solution>
