{
  "version": 2,
  "dependencies": {
    "net10.0": {
      "SkiaSharp": {
        "type": "Direct",
        "requested": "[4.150.1, )",
        "resolved": "4.150.1",
        "contentHash": "5v3T8X1N62Dp+AkPO70GNBNS/NRBPGMOTiN+Prg33sZAcm/Ug3YOAH+3RTj/jxJV8NGTJs2idGpC2Qdae2mGLQ==",
        "dependencies": {
          "SkiaSharp.NativeAssets.Win32": "4.150.1",
          "SkiaSharp.NativeAssets.macOS": "4.150.1"
        }
      },
      "SkiaSharp.HarfBuzz": {
        "type": "Direct",
        "requested": "[4.150.1, )",
        "resolved": "4.150.1",
        "contentHash": "ufL06cWlXgEpgtFeBpLi15ovGpuSfxe4tmDMBbGKdaEJVuA9Ko0vV7l00zqobGXDfu883VZuulMR/pxUKw+1MA==",
        "dependencies": {
          "HarfBuzzSharp": "14.2.1.1",
          "SkiaSharp": "4.150.1"
        }
      },
      "HarfBuzzSharp": {
        "type": "Transitive",
        "resolved": "14.2.1.1",
        "contentHash": "7XDWIol7Iq0Lw2MxJLjI3ec1mGQspC5BM0Ao85TDCSMgr94mmdRReSO00ZxHiy+j8OMpOkuu8B9x2brhKSlWaw==",
        "dependencies": {
          "HarfBuzzSharp.NativeAssets.Win32": "14.2.1.1",
          "HarfBuzzSharp.NativeAssets.macOS": "14.2.1.1"
        }
      },
      "HarfBuzzSharp.NativeAssets.macOS": {
        "type": "Transitive",
        "resolved": "14.2.1.1",
        "contentHash": "WkvDdOQN940zZAbRfHbYTmtUKVgrmmeFI0W6IIbNAj2FyYMWrgX3OvpRFrcftdnczpxrPNDE2YzykoorIdCuZw=="
      },
      "HarfBuzzSharp.NativeAssets.Win32": {
        "type": "Transitive",
        "resolved": "14.2.1.1",
        "contentHash": "doOYYTksh3+VDcuXMHFZaYkA1gs0JFfvUyBMH5fhLUA20FPNfDL5gciiyXlzZ/HNR/J3u2C27e6tvycbk+2MUQ=="
      },
      "SkiaSharp.NativeAssets.macOS": {
        "type": "Transitive",
        "resolved": "4.150.1",
        "contentHash": "r755HVwaHZhyf1clWjrM2/RoOZYCzkQEmE9pu/mVsebPejWu52niNPUwtfyf112qoF0PIk6OndqVOUoITj6TwQ=="
      },
      "SkiaSharp.NativeAssets.Win32": {
        "type": "Transitive",
        "resolved": "4.150.1",
        "contentHash": "qrLSL8OonbkMJdSH8heK0Jl39Y2xxZGdd7Ru4cyBXk2ITdx+Fu1sCFLmvCKmnMaYs//mlN/YSpSpOurEXErcQw=="
      },
      "ezyimageviewer.core": {
        "type": "Project"
      }
    },
    "net10.0/win-x64": {
      "HarfBuzzSharp.NativeAssets.macOS": {
        "type": "Transitive",
        "resolved": "14.2.1.1",
        "contentHash": "WkvDdOQN940zZAbRfHbYTmtUKVgrmmeFI0W6IIbNAj2FyYMWrgX3OvpRFrcftdnczpxrPNDE2YzykoorIdCuZw=="
      },
      "HarfBuzzSharp.NativeAssets.Win32": {
        "type": "Transitive",
        "resolved": "14.2.1.1",
        "contentHash": "doOYYTksh3+VDcuXMHFZaYkA1gs0JFfvUyBMH5fhLUA20FPNfDL5gciiyXlzZ/HNR/J3u2C27e6tvycbk+2MUQ=="
      },
      "SkiaSharp.NativeAssets.macOS": {
        "type": "Transitive",
        "resolved": "4.150.1",
        "contentHash": "r755HVwaHZhyf1clWjrM2/RoOZYCzkQEmE9pu/mVsebPejWu52niNPUwtfyf112qoF0PIk6OndqVOUoITj6TwQ=="
      },
      "SkiaSharp.NativeAssets.Win32": {
        "type": "Transitive",
        "resolved": "4.150.1",
        "contentHash": "qrLSL8OonbkMJdSH8heK0Jl39Y2xxZGdd7Ru4cyBXk2ITdx+Fu1sCFLmvCKmnMaYs//mlN/YSpSpOurEXErcQw=="
      }
    }
  }
}